// !$*UTF8*$!
{
	archiveVersion = 1;
	classes = {
	};
	objectVersion = 50;
	objects = {

/* Begin PBXBuildFile section */
		34283A4B24F3BB79005CF508 /* CustomTabviewApp.swift in Sources */ = {isa = PBXBuildFile; fileRef = 34283A3824F3BB77005CF508 /* CustomTabviewApp.swift */; };
		34283A4D24F3BB79005CF508 /* ContentView.swift in Sources */ = {isa = PBXBuildFile; fileRef = 34283A3924F3BB77005CF508 /* ContentView.swift */; };
		34283A4F24F3BB79005CF508 /* Assets.xcassets in Resources */ = {isa = PBXBuildFile; fileRef = 34283A3A24F3BB79005CF508 /* Assets.xcassets */; };
		34283A5A24F3BD73005CF508 /* TimelineView.swift in Sources */ = {isa = PBXBuildFile; fileRef = 34283A5924F3BD73005CF508 /* TimelineView.swift */; };
		34283A5D24F3BD8C005CF508 /* DiscoverView.swift in Sources */ = {isa = PBXBuildFile; fileRef = 34283A5C24F3BD8C005CF508 /* DiscoverView.swift */; };
		34283A6024F3BDA0005CF508 /* MyView.swift in Sources */ = {isa = PBXBuildFile; fileRef = 34283A5F24F3BDA0005CF508 /* MyView.swift */; };
/* End PBXBuildFile section */

/* Begin PBXFileReference section */
		34283A3824F3BB77005CF508 /* CustomTabviewApp.swift */ = {isa = PBXFileReference; lastKnownFileType = sourcecode.swift; path = CustomTabviewApp.swift; sourceTree = "<group>"; };
		34283A3924F3BB77005CF508 /* ContentView.swift */ = {isa = PBXFileReference; lastKnownFileType = sourcecode.swift; path = ContentView.swift; sourceTree = "<group>"; };
		34283A3A24F3BB79005CF508 /* Assets.xcassets */ = {isa = PBXFileReference; lastKnownFileType = folder.assetcatalog; path = Assets.xcassets; sourceTree = "<group>"; };
		34283A3F24F3BB79005CF508 /* CustomTabview.app */ = {isa = PBXFileReference; explicitFileType = wrapper.application; includeInIndex = 0; path = CustomTabview.app; sourceTree = BUILT_PRODUCTS_DIR; };
		34283A4224F3BB79005CF508 /* Info.plist */ = {isa = PBXFileReference; lastKnownFileType = text.plist.xml; path = Info.plist; sourceTree = "<group>"; };
		34283A4924F3BB79005CF508 /* Info.plist */ = {isa = PBXFileReference; lastKnownFileType = text.plist.xml; path = Info.plist; sourceTree = "<group>"; };
		34283A4A24F3BB79005CF508 /* macOS.entitlements */ = {isa = PBXFileReference; lastKnownFileType = text.plist.entitlements; path = macOS.entitlements; sourceTree = "<group>"; };
		34283A5924F3BD73005CF508 /* TimelineView.swift */ = {isa = PBXFileReference; lastKnownFileType = sourcecode.swift; path = TimelineView.swift; sourceTree = "<group>"; };
		34283A5C24F3BD8C005CF508 /* DiscoverView.swift */ = {isa = PBXFileReference; lastKnownFileType = sourcecode.swift; path = DiscoverView.swift; sourceTree = "<group>"; };
		34283A5F24F3BDA0005CF508 /* MyView.swift */ = {isa = PBXFileReference; lastKnownFileType = sourcecode.swift; path = MyView.swift; sourceTree = "<group>"; };
/* End PBXFileReference section */

/* Begin PBXFrameworksBuildPhase section */
		34283A3C24F3BB79005CF508 /* Frameworks */ = {
			isa = PBXFrameworksBuildPhase;
			buildActionMask = 2147483647;
			files = (
			);
			runOnlyForDeploymentPostprocessing = 0;
		};
/* End PBXFrameworksBuildPhase section */

/* Begin PBXGroup section */
		34283A3224F3BB76005CF508 = {
			isa = PBXGroup;
			children = (
				34283A3724F3BB77005CF508 /* Shared */,
				34283A4124F3BB79005CF508 /* iOS */,
				34283A4824F3BB79005CF508 /* macOS */,
				34283A4024F3BB79005CF508 /* Products */,
			);
			sourceTree = "<group>";
		};
		34283A3724F3BB77005CF508 /* Shared */ = {
			isa = PBXGroup;
			children = (
				34283A3824F3BB77005CF508 /* CustomTabviewApp.swift */,
				34283A3924F3BB77005CF508 /* ContentView.swift */,
				34283A3A24F3BB79005CF508 /* Assets.xcassets */,
				34283A5924F3BD73005CF508 /* TimelineView.swift */,
				34283A5C24F3BD8C005CF508 /* DiscoverView.swift */,
				34283A5F24F3BDA0005CF508 /* MyView.swift */,
			);
			path = Shared;
			sourceTree = "<group>";
		};
		34283A4024F3BB79005CF508 /* Products */ = {
			isa = PBXGroup;
			children = (
				34283A3F24F3BB79005CF508 /* CustomTabview.app */,
			);
			name = Products;
			sourceTree = "<group>";
		};
		34283A4124F3BB79005CF508 /* iOS */ = {
			isa = PBXGroup;
			children = (
				34283A4224F3BB79005CF508 /* Info.plist */,
			);
			path = iOS;
			sourceTree = "<group>";
		};
		34283A4824F3BB79005CF508 /* macOS */ = {
			isa = PBXGroup;
			children = (
				34283A4924F3BB79005CF508 /* Info.plist */,
				34283A4A24F3BB79005CF508 /* macOS.entitlements */,
			);
			path = macOS;
			sourceTree = "<group>";
		};
/* End PBXGroup section */

/* Begin PBXNativeTarget section */
		34283A3E24F3BB79005CF508 /* CustomTabview (iOS) */ = {
			isa = PBXNativeTarget;
			buildConfigurationList = 34283A5324F3BB79005CF508 /* Build configuration list for PBXNativeTarget "CustomTabview (iOS)" */;
			buildPhases = (
				34283A3B24F3BB79005CF508 /* Sources */,
				34283A3C24F3BB79005CF508 /* Frameworks */,
				34283A3D24F3BB79005CF508 /* Resources */,
			);
			buildRules = (
			);
			dependencies = (
			);
			name = "CustomTabview (iOS)";
			productName = "CustomTabview (iOS)";
			productReference = 34283A3F24F3BB79005CF508 /* CustomTabview.app */;
			productType = "com.apple.product-type.application";
		};
/* End PBXNativeTarget section */

/* Begin PBXProject section */
		34283A3324F3BB76005CF508 /* Project object */ = {
			isa = PBXProject;
			attributes = {
				LastSwiftUpdateCheck = 1200;
				LastUpgradeCheck = 1200;
				TargetAttributes = {
					34283A3E24F3BB79005CF508 = {
						CreatedOnToolsVersion = 12.0;
					};
				};
			};
			buildConfigurationList = 34283A3624F3BB76005CF508 /* Build configuration list for PBXProject "CustomTabview" */;
			compatibilityVersion = "Xcode 9.3";
			developmentRegion = en;
			hasScannedForEncodings = 0;
			knownRegions = (
				en,
				Base,
			);
			mainGroup = 34283A3224F3BB76005CF508;
			productRefGroup = 34283A4024F3BB79005CF508 /* Products */;
			projectDirPath = "";
			projectRoot = "";
			targets = (
				34283A3E24F3BB79005CF508 /* CustomTabview (iOS) */,
			);
		};
/* End PBXProject section */

/* Begin PBXResourcesBuildPhase section */
		34283A3D24F3BB79005CF508 /* Resources */ = {
			isa = PBXResourcesBuildPhase;
			buildActionMask = 2147483647;
			files = (
				34283A4F24F3BB79005CF508 /* Assets.xcassets in Resources */,
			);
			runOnlyForDeploymentPostprocessing = 0;
		};
/* End PBXResourcesBuildPhase section */

/* Begin PBXSourcesBuildPhase section */
		34283A3B24F3BB79005CF508 /* Sources */ = {
			isa = PBXSourcesBuildPhase;
			buildActionMask = 2147483647;
			files = (
				34283A4D24F3BB79005CF508 /* ContentView.swift in Sources */,
				34283A5A24F3BD73005CF508 /* TimelineView.swift in Sources */,
				34283A6024F3BDA0005CF508 /* MyView.swift in Sources */,
				34283A4B24F3BB79005CF508 /* CustomTabviewApp.swift in Sources */,
				34283A5D24F3BD8C005CF508 /* DiscoverView.swift in Sources */,
			);
			runOnlyForDeploymentPostprocessing = 0;
		};
/* End PBXSourcesBuildPhase section */

/* Begin XCBuildConfiguration section */
		34283A5124F3BB79005CF508 /* Debug */ = {
			isa = XCBuildConfiguration;
			buildSettings = {
				ALWAYS_SEARCH_USER_PATHS = NO;
				CLANG_ANALYZER_NONNULL = YES;
				CLANG_ANALYZER_NUMBER_OBJECT_CONVERSION = YES_AGGRESSIVE;
				CLANG_CXX_LANGUAGE_STANDARD = "gnu++14";
				CLANG_CXX_LIBRARY = "libc++";
				CLANG_ENABLE_MODULES = YES;
				CLANG_ENABLE_OBJC_ARC = YES;
				CLANG_ENABLE_OBJC_WEAK = YES;
				CLANG_WARN_BLOCK_CAPTURE_AUTORELEASING = YES;
				CLANG_WARN_BOOL_CONVERSION = YES;
				CLANG_WARN_COMMA = YES;
				CLANG_WARN_CONSTANT_CONVERSION = YES;
				CLANG_WARN_DEPRECATED_OBJC_IMPLEMENTATIONS = YES;
				CLANG_WARN_DIRECT_OBJC_ISA_USAGE = YES_ERROR;
				CLANG_WARN_DOCUMENTATION_COMMENTS = YES;
				CLANG_WARN_EMPTY_BODY = YES;
				CLANG_WARN_ENUM_CONVERSION = YES;
				CLANG_WARN_INFINITE_RECURSION = YES;
				CLANG_WARN_INT_CONVERSION = YES;
				CLANG_WARN_NON_LITERAL_NULL_CONVERSION = YES;
				CLANG_WARN_OBJC_IMPLICIT_RETAIN_SELF = YES;
				CLANG_WARN_OBJC_LITERAL_CONVERSION = YES;
				CLANG_WARN_OBJC_ROOT_CLASS = YES_ERROR;
				CLANG_WARN_QUOTED_INCLUDE_IN_FRAMEWORK_HEADER = YES;
				CLANG_WARN_RANGE_LOOP_ANALYSIS = YES;
				CLANG_WARN_STRICT_PROTOTYPES = YES;
				CLANG_WARN_SUSPICIOUS_MOVE = YES;
				CLANG_WARN_UNGUARDED_AVAILABILITY = YES_AGGRESSIVE;
				CLANG_WARN_UNREACHABLE_CODE = YES;
				CLANG_WARN__DUPLICATE_METHOD_MATCH = YES;
				COPY_PHASE_STRIP = NO;
				DEBUG_INFORMATION_FORMAT = dwarf;
				ENABLE_STRICT_OBJC_MSGSEND = YES;
				ENABLE_TESTABILITY = YES;
				GCC_C_LANGUAGE_STANDARD = gnu11;
				GCC_DYNAMIC_NO_PIC = NO;
				GCC_NO_COMMON_BLOCKS = YES;
				GCC_OPTIMIZATION_LEVEL = 0;
				GCC_PREPROCESSOR_DEFINITIONS = (
					"DEBUG=1",
					"$(inherited)",
				);
				GCC_WARN_64_TO_32_BIT_CONVERSION = YES;
				GCC_WARN_ABOUT_RETURN_TYPE = YES_ERROR;
				GCC_WARN_UNDECLARED_SELECTOR = YES;
				GCC_WARN_UNINITIALIZED_AUTOS = YES_AGGRESSIVE;
				GCC_WARN_UNUSED_FUNCTION = YES;
				GCC_WARN_UNUSED_VARIABLE = YES;
				MTL_ENABLE_DEBUG_INFO = INCLUDE_SOURCE;
				MTL_FAST_MATH = YES;
				ONLY_ACTIVE_ARCH = YES;
				SWIFT_ACTIVE_COMPILATION_CONDITIONS = DEBUG;
				SWIFT_OPTIMIZATION_LEVEL = "-Onone";
			};
			name = Debug;
		};
		34283A5224F3BB79005CF508 /* Release */ = {
			isa = XCBuildConfiguration;
			buildSettings = {
				ALWAYS_SEARCH_USER_PATHS = NO;
				CLANG_ANALYZER_NONNULL = YES;
				CLANG_ANALYZER_NUMBER_OBJECT_CONVERSION = YES_AGGRESSIVE;
				CLANG_CXX_LANGUAGE_STANDARD = "gnu++14";
				CLANG_CXX_LIBRARY = "libc++";
				CLANG_ENABLE_MODULES = YES;
				CLANG_ENABLE_OBJC_ARC = YES;
				CLANG_ENABLE_OBJC_WEAK = YES;
				CLANG_WARN_BLOCK_CAPTURE_AUTORELEASING = YES;
				CLANG_WARN_BOOL_CONVERSION = YES;
				CLANG_WARN_COMMA = YES;
				CLANG_WARN_CONSTANT_CONVERSION = YES;
				CLANG_WARN_DEPRECATED_OBJC_IMPLEMENTATIONS = YES;
				CLANG_WARN_DIRECT_OBJC_ISA_USAGE = YES_ERROR;
				CLANG_WARN_DOCUMENTATION_COMMENTS = YES;
				CLANG_WARN_EMPTY_BODY = YES;
				CLANG_WARN_ENUM_CONVERSION = YES;
				CLANG_WARN_INFINITE_RECURSION = YES;
				CLANG_WARN_INT_CONVERSION = YES;
				CLANG_WARN_NON_LITERAL_NULL_CONVERSION = YES;
				CLANG_WARN_OBJC_IMPLICIT_RETAIN_SELF = YES;
				CLANG_WARN_OBJC_LITERAL_CONVERSION = YES;
				CLANG_WARN_OBJC_ROOT_CLASS = YES_ERROR;
				CLANG_WARN_QUOTED_INCLUDE_IN_FRAMEWORK_HEADER = YES;
				CLANG_WARN_RANGE_LOOP_ANALYSIS = YES;
				CLANG_WARN_STRICT_PROTOTYPES = YES;
				CLANG_WARN_SUSPICIOUS_MOVE = YES;
				CLANG_WARN_UNGUARDED_AVAILABILITY = YES_AGGRESSIVE;
				CLANG_WARN_UNREACHABLE_CODE = YES;
				CLANG_WARN__DUPLICATE_METHOD_MATCH = YES;
				COPY_PHASE_STRIP = NO;
				DEBUG_INFORMATION_FORMAT = "dwarf-with-dsym";
				ENABLE_NS_ASSERTIONS = NO;
				ENABLE_STRICT_OBJC_MSGSEND = YES;
				GCC_C_LANGUAGE_STANDARD = gnu11;
				GCC_NO_COMMON_BLOCKS = YES;
				GCC_WARN_64_TO_32_BIT_CONVERSION = YES;
				GCC_WARN_ABOUT_RETURN_TYPE = YES_ERROR;
				GCC_WARN_UNDECLARED_SELECTOR = YES;
				GCC_WARN_UNINITIALIZED_AUTOS = YES_AGGRESSIVE;
				GCC_WARN_UNUSED_FUNCTION = YES;
				GCC_WARN_UNUSED_VARIABLE = YES;
				MTL_ENABLE_DEBUG_INFO = NO;
				MTL_FAST_MATH = YES;
				SWIFT_COMPILATION_MODE = wholemodule;
				SWIFT_OPTIMIZATION_LEVEL = "-O";
			};
			name = Release;
		};
		34283A5424F3BB79005CF508 /* Debug */ = {
			isa = XCBuildConfiguration;
			buildSettings = {
				ASSETCATALOG_COMPILER_APPICON_NAME = AppIcon;
				ASSETCATALOG_COMPILER_GLOBAL_ACCENT_COLOR_NAME = AccentColor;
				CODE_SIGN_STYLE = Automatic;
				ENABLE_PREVIEWS = YES;
				INFOPLIST_FILE = iOS/Info.plist;
				IPHONEOS_DEPLOYMENT_TARGET = 14.0;
				LD_RUNPATH_SEARCH_PATHS = (
					"$(inherited)",
					"@executable_path/Frameworks",
				);
				PRODUCT_BUNDLE_IDENTIFIER = com.sohu.CustomTabview;
				PRODUCT_NAME = CustomTabview;
				SDKROOT = iphoneos;
				SWIFT_VERSION = 5.0;
				TARGETED_DEVICE_FAMILY = "1,2";
			};
			name = Debug;
		};
		34283A5524F3BB79005CF508 /* Release */ = {
			isa = XCBuildConfiguration;
			buildSettings = {
				ASSETCATALOG_COMPILER_APPICON_NAME = AppIcon;
				ASSETCATALOG_COMPILER_GLOBAL_ACCENT_COLOR_NAME = AccentColor;
				CODE_SIGN_STYLE = Automatic;
				ENABLE_PREVIEWS = YES;
				INFOPLIST_FILE = iOS/Info.plist;
				IPHONEOS_DEPLOYMENT_TARGET = 14.0;
				LD_RUNPATH_SEARCH_PATHS = (
					"$(inherited)",
					"@executable_path/Frameworks",
				);
				PRODUCT_BUNDLE_IDENTIFIER = com.sohu.CustomTabview;
				PRODUCT_NAME = CustomTabview;
				SDKROOT = iphoneos;
				SWIFT_VERSION = 5.0;
				TARGETED_DEVICE_FAMILY = "1,2";
				VALIDATE_PRODUCT = YES;
			};
			name = Release;
		};
/* End XCBuildConfiguration section */

/* Begin XCConfigurationList section */
		34283A3624F3BB76005CF508 /* Build configuration list for PBXProject "CustomTabview" */ = {
			isa = XCConfigurationList;
			buildConfigurations = (
				34283A5124F3BB79005CF508 /* Debug */,
				34283A5224F3BB79005CF508 /* Release */,
			);
			defaultConfigurationIsVisible = 0;
			defaultConfigurationName = Release;
		};
		34283A5324F3BB79005CF508 /* Build configuration list for PBXNativeTarget "CustomTabview (iOS)" */ = {
			isa = XCConfigurationList;
			buildConfigurations = (
				34283A5424F3BB79005CF508 /* Debug */,
				34283A5524F3BB79005CF508 /* Release */,
			);
			defaultConfigurationIsVisible = 0;
			defaultConfigurationName = Release;
		};
/* End XCConfigurationList section */
	};
	rootObject = 34283A3324F3BB76005CF508 /* Project object */;
}
